
Microsoft Visual Studio Solution File, Format Version 12.00
# Visual Studio 14
VisualStudioVersion = 14.0.23107.0
MinimumVisualStudioVersion = 10.0.40219.1
Project("{2150E333-8FDC-42A3-9474-1A3956D46DE8}") = "Demos", "Demos", "{E1B89800-37AB-4E3E-912F-5B0680600976}"
EndProject
Project("{FAE04EC0-301F-11D3-BF4B-00C04F79EFBC}") = "ConfigurationSectionHandlerDemo", "ConfigurationSectionHandlerDemo\ConfigurationSectionHandlerDemo.csproj", "{5D3E74CD-9D1C-435D-B546-354037ABDFF1}"
EndProject
Project("{FAE04EC0-301F-11D3-BF4B-00C04F79EFBC}") = "CqrsEventSourcingDemo.AggregateRoot", "CqrsEventSourcingDemo.AggregateRoot\CqrsEventSourcingDemo.AggregateRoot.csproj", "{34C4A496-B4E9-4EC8-AECB-0704ABAD051B}"
EndProject
Project("{FAE04EC0-301F-11D3-BF4B-00C04F79EFBC}") = "CqrsEventSourcingDemo.Command", "CqrsEventSourcingDemo.Command\CqrsEventSourcingDemo.Command.csproj", "{2682FDCE-4EA6-4D22-9023-9BA1BC534DC5}"
EndProject
Project("{FAE04EC0-301F-11D3-BF4B-00C04F79EFBC}") = "CqrsEventSourcingDemo.Event", "CqrsEventSourcingDemo.Event\CqrsEventSourcingDemo.Event.csproj", "{256B0685-8F12-4A60-9D8E-D75925B7AA35}"
EndProject
Project("{FAE04EC0-301F-11D3-BF4B-00C04F79EFBC}") = "CqrsEventSourcingDemo.Infrastructure", "CqrsEventSourcingDemo.Infrastructure\CqrsEventSourcingDemo.Infrastructure.csproj", "{8A919DBE-A6CB-4D23-A85D-54333A1B26D6}"
EndProject
Project("{FAE04EC0-301F-11D3-BF4B-00C04F79EFBC}") = "CqrsEventSourcingDemo.ReadModel", "CqrsEventSourcingDemo.ReadModel\CqrsEventSourcingDemo.ReadModel.csproj", "{5A7B15BF-CA34-4D40-BC2A-2FA9D7DEFD6C}"
EndProject
Project("{FAE04EC0-301F-11D3-BF4B-00C04F79EFBC}") = "CqrsEventSourcingDemo.Web", "CqrsEventSourcingDemo.Web\CqrsEventSourcingDemo.Web.csproj", "{5B93F3AC-0F3D-4AB4-BF13-109B1A17E3F1}"
EndProject
Project("{FAE04EC0-301F-11D3-BF4B-00C04F79EFBC}") = "MailingServiceDemo", "MailingServiceDemo\MailingServiceDemo.csproj", "{3FCCE8BA-A3BC-4D5E-B7EE-8F00B07FDDB1}"
EndProject
Project("{FAE04EC0-301F-11D3-BF4B-00C04F79EFBC}") = "MailingServiceDemo.Tests", "MailingServiceDemo.Tests\MailingServiceDemo.Tests.csproj", "{36F986F3-925E-49AD-96C9-52A12083406F}"
EndProject
Project("{2150E333-8FDC-42A3-9474-1A3956D46DE8}") = "Reusables", "Reusables", "{61D0BC57-AFCC-4913-B467-4BE91D89CA01}"
EndProject
Project("{FAE04EC0-301F-11D3-BF4B-00C04F79EFBC}") = "Reusables", "Reusables\Reusables.csproj", "{8A6F0955-9952-43CC-ACD8-327FF2DB890B}"
EndProject
Project("{FAE04EC0-301F-11D3-BF4B-00C04F79EFBC}") = "Reusables.Configuration", "Reusables.Configuration\Reusables.Configuration.csproj", "{FCBB27A9-9FF0-4A08-823F-9CB73D827286}"
EndProject
Project("{FAE04EC0-301F-11D3-BF4B-00C04F79EFBC}") = "Reusables.Cqrs", "Reusables.Cqrs\Reusables.Cqrs.csproj", "{5E7E00EB-AA72-4EF1-9BA6-17C0C3C9A7DC}"
EndProject
Project("{FAE04EC0-301F-11D3-BF4B-00C04F79EFBC}") = "Reusables.DataAnnotations", "Reusables.DataAnnotations\Reusables.DataAnnotations.csproj", "{F4BFAC1B-4638-447E-A562-2DF8C146A8D1}"
EndProject
Project("{FAE04EC0-301F-11D3-BF4B-00C04F79EFBC}") = "Reusables.Diagnostics.Contracts", "Reusables.Diagnostics.Contracts\Reusables.Diagnostics.Contracts.csproj", "{A120D214-0B8B-4F1E-B707-A6655EFBC626}"
EndProject
Project("{FAE04EC0-301F-11D3-BF4B-00C04F79EFBC}") = "Reusables.Diagnostics.Logging", "Reusables.Diagnostics.Logging\Reusables.Diagnostics.Logging.csproj", "{7E1A4672-ACCC-4B48-8510-734EDA9A372A}"
EndProject
Project("{FAE04EC0-301F-11D3-BF4B-00C04F79EFBC}") = "Reusables.Diagnostics.Logging.NLog", "Reusables.Diagnostics.Logging.NLog\Reusables.Diagnostics.Logging.NLog.csproj", "{053901AD-9BC6-4009-B484-EC0D6D9C43C5}"
EndProject
Project("{FAE04EC0-301F-11D3-BF4B-00C04F79EFBC}") = "Reusables.EventSourcing", "Reusables.EventSourcing\Reusables.EventSourcing.csproj", "{FB2BB5AE-E541-4E1C-9231-69D4F12A5B06}"
EndProject
Project("{FAE04EC0-301F-11D3-BF4B-00C04F79EFBC}") = "Reusables.EventSourcing.Extensions", "Reusables.EventSourcing.Extensions\Reusables.EventSourcing.Extensions.csproj", "{91CF2B13-0DE4-474D-9E6A-4E7483238D59}"
EndProject
Project("{FAE04EC0-301F-11D3-BF4B-00C04F79EFBC}") = "Reusables.Serialization", "Reusables.Serialization\Reusables.Serialization.csproj", "{6F8C4016-0BED-4DCF-B61A-AA7C105BBADE}"
EndProject
Project("{FAE04EC0-301F-11D3-BF4B-00C04F79EFBC}") = "Reusables.Serialization.Newtonsoft", "Reusables.Serialization.Newtonsoft\Reusables.Serialization.Newtonsoft.csproj", "{7907325D-7700-4E79-9CF6-3CCAF3F0A0AC}"
EndProject
Project("{FAE04EC0-301F-11D3-BF4B-00C04F79EFBC}") = "Reusables.Util.Extensions", "Reusables.Util.Extensions\Reusables.Util.Extensions.csproj", "{B93B3DEC-C90E-4F3F-A23D-CC976E2192DD}"
EndProject
Project("{FAE04EC0-301F-11D3-BF4B-00C04F79EFBC}") = "Reusables.Util.Extensions.Tests", "Reusables.Util.Extensions.Tests\Reusables.Util.Extensions.Tests.csproj", "{300E5E34-0B24-459A-B804-1E5C56E5F0F1}"
EndProject
Project("{FAE04EC0-301F-11D3-BF4B-00C04F79EFBC}") = "Reusables.Validation", "Reusables.Validation\Reusables.Validation.csproj", "{76BB9170-AF0E-4715-867C-3FB1A98DDFFC}"
EndProject
Project("{FAE04EC0-301F-11D3-BF4B-00C04F79EFBC}") = "Reusables.Web.Mvc5", "Reusables.Web.Mvc5\Reusables.Web.Mvc5.csproj", "{A6FCD242-9112-481B-A1F1-36DF8121ED8D}"
EndProject
Project("{FAE04EC0-301F-11D3-BF4B-00C04F79EFBC}") = "Reusables.Diagnostics.Logging.Log4net", "Reusables.Diagnostics.Logging.Log4net\Reusables.Diagnostics.Logging.Log4net.csproj", "{21CD9202-8E4C-4B91-87E2-C04C76DE7F36}"
EndProject
Project("{FAE04EC0-301F-11D3-BF4B-00C04F79EFBC}") = "Reusables.BuildingBlocks", "Reusables.BuildingBlocks\Reusables.BuildingBlocks.csproj", "{0B550DAA-AF2C-4167-8A56-D95B96E306DD}"
EndProject
Project("{FAE04EC0-301F-11D3-BF4B-00C04F79EFBC}") = "BuildingBlocksDemo", "BuildingBlocksDemo\BuildingBlocksDemo.csproj", "{C79F15CB-18A7-442C-A8B5-C46BB5EB2924}"
EndProject
Project("{FAE04EC0-301F-11D3-BF4B-00C04F79EFBC}") = "Reusables.BuildingBlocks.Linq", "Reusables.BuildingBlocks.Linq\Reusables.BuildingBlocks.Linq.csproj", "{EEF771A2-29B4-489C-BF1C-32D2533EB2EF}"
EndProject
Global
	GlobalSection(SolutionConfigurationPlatforms) = preSolution
		Debug|Any CPU = Debug|Any CPU
		Release|Any CPU = Release|Any CPU
	EndGlobalSection
	GlobalSection(ProjectConfigurationPlatforms) = postSolution
		{5D3E74CD-9D1C-435D-B546-354037ABDFF1}.Debug|Any CPU.ActiveCfg = Debug|Any CPU
		{5D3E74CD-9D1C-435D-B546-354037ABDFF1}.Debug|Any CPU.Build.0 = Debug|Any CPU
		{5D3E74CD-9D1C-435D-B546-354037ABDFF1}.Release|Any CPU.ActiveCfg = Release|Any CPU
		{5D3E74CD-9D1C-435D-B546-354037ABDFF1}.Release|Any CPU.Build.0 = Release|Any CPU
		{34C4A496-B4E9-4EC8-AECB-0704ABAD051B}.Debug|Any CPU.ActiveCfg = Debug|Any CPU
		{34C4A496-B4E9-4EC8-AECB-0704ABAD051B}.Debug|Any CPU.Build.0 = Debug|Any CPU
		{34C4A496-B4E9-4EC8-AECB-0704ABAD051B}.Release|Any CPU.ActiveCfg = Release|Any CPU
		{34C4A496-B4E9-4EC8-AECB-0704ABAD051B}.Release|Any CPU.Build.0 = Release|Any CPU
		{2682FDCE-4EA6-4D22-9023-9BA1BC534DC5}.Debug|Any CPU.ActiveCfg = Debug|Any CPU
		{2682FDCE-4EA6-4D22-9023-9BA1BC534DC5}.Debug|Any CPU.Build.0 = Debug|Any CPU
		{2682FDCE-4EA6-4D22-9023-9BA1BC534DC5}.Release|Any CPU.ActiveCfg = Release|Any CPU
		{2682FDCE-4EA6-4D22-9023-9BA1BC534DC5}.Release|Any CPU.Build.0 = Release|Any CPU
		{256B0685-8F12-4A60-9D8E-D75925B7AA35}.Debug|Any CPU.ActiveCfg = Debug|Any CPU
		{256B0685-8F12-4A60-9D8E-D75925B7AA35}.Debug|Any CPU.Build.0 = Debug|Any CPU
		{256B0685-8F12-4A60-9D8E-D75925B7AA35}.Release|Any CPU.ActiveCfg = Release|Any CPU
		{256B0685-8F12-4A60-9D8E-D75925B7AA35}.Release|Any CPU.Build.0 = Release|Any CPU
		{8A919DBE-A6CB-4D23-A85D-54333A1B26D6}.Debug|Any CPU.ActiveCfg = Debug|Any CPU
		{8A919DBE-A6CB-4D23-A85D-54333A1B26D6}.Debug|Any CPU.Build.0 = Debug|Any CPU
		{8A919DBE-A6CB-4D23-A85D-54333A1B26D6}.Release|Any CPU.ActiveCfg = Release|Any CPU
		{8A919DBE-A6CB-4D23-A85D-54333A1B26D6}.Release|Any CPU.Build.0 = Release|Any CPU
		{5A7B15BF-CA34-4D40-BC2A-2FA9D7DEFD6C}.Debug|Any CPU.ActiveCfg = Debug|Any CPU
		{5A7B15BF-CA34-4D40-BC2A-2FA9D7DEFD6C}.Debug|Any CPU.Build.0 = Debug|Any CPU
		{5A7B15BF-CA34-4D40-BC2A-2FA9D7DEFD6C}.Release|Any CPU.ActiveCfg = Release|Any CPU
		{5A7B15BF-CA34-4D40-BC2A-2FA9D7DEFD6C}.Release|Any CPU.Build.0 = Release|Any CPU
		{5B93F3AC-0F3D-4AB4-BF13-109B1A17E3F1}.Debug|Any CPU.ActiveCfg = Debug|Any CPU
		{5B93F3AC-0F3D-4AB4-BF13-109B1A17E3F1}.Debug|Any CPU.Build.0 = Debug|Any CPU
		{5B93F3AC-0F3D-4AB4-BF13-109B1A17E3F1}.Release|Any CPU.ActiveCfg = Release|Any CPU
		{5B93F3AC-0F3D-4AB4-BF13-109B1A17E3F1}.Release|Any CPU.Build.0 = Release|Any CPU
		{3FCCE8BA-A3BC-4D5E-B7EE-8F00B07FDDB1}.Debug|Any CPU.ActiveCfg = Debug|Any CPU
		{3FCCE8BA-A3BC-4D5E-B7EE-8F00B07FDDB1}.Debug|Any CPU.Build.0 = Debug|Any CPU
		{3FCCE8BA-A3BC-4D5E-B7EE-8F00B07FDDB1}.Release|Any CPU.ActiveCfg = Release|Any CPU
		{3FCCE8BA-A3BC-4D5E-B7EE-8F00B07FDDB1}.Release|Any CPU.Build.0 = Release|Any CPU
		{36F986F3-925E-49AD-96C9-52A12083406F}.Debug|Any CPU.ActiveCfg = Debug|Any CPU
		{36F986F3-925E-49AD-96C9-52A12083406F}.Debug|Any CPU.Build.0 = Debug|Any CPU
		{36F986F3-925E-49AD-96C9-52A12083406F}.Release|Any CPU.ActiveCfg = Release|Any CPU
		{36F986F3-925E-49AD-96C9-52A12083406F}.Release|Any CPU.Build.0 = Release|Any CPU
		{8A6F0955-9952-43CC-ACD8-327FF2DB890B}.Debug|Any CPU.ActiveCfg = Debug|Any CPU
		{8A6F0955-9952-43CC-ACD8-327FF2DB890B}.Debug|Any CPU.Build.0 = Debug|Any CPU
		{8A6F0955-9952-43CC-ACD8-327FF2DB890B}.Release|Any CPU.ActiveCfg = Release|Any CPU
		{8A6F0955-9952-43CC-ACD8-327FF2DB890B}.Release|Any CPU.Build.0 = Release|Any CPU
		{FCBB27A9-9FF0-4A08-823F-9CB73D827286}.Debug|Any CPU.ActiveCfg = Debug|Any CPU
		{FCBB27A9-9FF0-4A08-823F-9CB73D827286}.Debug|Any CPU.Build.0 = Debug|Any CPU
		{FCBB27A9-9FF0-4A08-823F-9CB73D827286}.Release|Any CPU.ActiveCfg = Release|Any CPU
		{FCBB27A9-9FF0-4A08-823F-9CB73D827286}.Release|Any CPU.Build.0 = Release|Any CPU
		{5E7E00EB-AA72-4EF1-9BA6-17C0C3C9A7DC}.Debug|Any CPU.ActiveCfg = Debug|Any CPU
		{5E7E00EB-AA72-4EF1-9BA6-17C0C3C9A7DC}.Debug|Any CPU.Build.0 = Debug|Any CPU
		{5E7E00EB-AA72-4EF1-9BA6-17C0C3C9A7DC}.Release|Any CPU.ActiveCfg = Release|Any CPU
		{5E7E00EB-AA72-4EF1-9BA6-17C0C3C9A7DC}.Release|Any CPU.Build.0 = Release|Any CPU
		{F4BFAC1B-4638-447E-A562-2DF8C146A8D1}.Debug|Any CPU.ActiveCfg = Debug|Any CPU
		{F4BFAC1B-4638-447E-A562-2DF8C146A8D1}.Debug|Any CPU.Build.0 = Debug|Any CPU
		{F4BFAC1B-4638-447E-A562-2DF8C146A8D1}.Release|Any CPU.ActiveCfg = Release|Any CPU
		{F4BFAC1B-4638-447E-A562-2DF8C146A8D1}.Release|Any CPU.Build.0 = Release|Any CPU
		{A120D214-0B8B-4F1E-B707-A6655EFBC626}.Debug|Any CPU.ActiveCfg = Debug|Any CPU
		{A120D214-0B8B-4F1E-B707-A6655EFBC626}.Debug|Any CPU.Build.0 = Debug|Any CPU
		{A120D214-0B8B-4F1E-B707-A6655EFBC626}.Release|Any CPU.ActiveCfg = Release|Any CPU
		{A120D214-0B8B-4F1E-B707-A6655EFBC626}.Release|Any CPU.Build.0 = Release|Any CPU
		{7E1A4672-ACCC-4B48-8510-734EDA9A372A}.Debug|Any CPU.ActiveCfg = Debug|Any CPU
		{7E1A4672-ACCC-4B48-8510-734EDA9A372A}.Debug|Any CPU.Build.0 = Debug|Any CPU
		{7E1A4672-ACCC-4B48-8510-734EDA9A372A}.Release|Any CPU.ActiveCfg = Release|Any CPU
		{7E1A4672-ACCC-4B48-8510-734EDA9A372A}.Release|Any CPU.Build.0 = Release|Any CPU
		{053901AD-9BC6-4009-B484-EC0D6D9C43C5}.Debug|Any CPU.ActiveCfg = Debug|Any CPU
		{053901AD-9BC6-4009-B484-EC0D6D9C43C5}.Debug|Any CPU.Build.0 = Debug|Any CPU
		{053901AD-9BC6-4009-B484-EC0D6D9C43C5}.Release|Any CPU.ActiveCfg = Release|Any CPU
		{053901AD-9BC6-4009-B484-EC0D6D9C43C5}.Release|Any CPU.Build.0 = Release|Any CPU
		{FB2BB5AE-E541-4E1C-9231-69D4F12A5B06}.Debug|Any CPU.ActiveCfg = Debug|Any CPU
		{FB2BB5AE-E541-4E1C-9231-69D4F12A5B06}.Debug|Any CPU.Build.0 = Debug|Any CPU
		{FB2BB5AE-E541-4E1C-9231-69D4F12A5B06}.Release|Any CPU.ActiveCfg = Release|Any CPU
		{FB2BB5AE-E541-4E1C-9231-69D4F12A5B06}.Release|Any CPU.Build.0 = Release|Any CPU
		{91CF2B13-0DE4-474D-9E6A-4E7483238D59}.Debug|Any CPU.ActiveCfg = Debug|Any CPU
		{91CF2B13-0DE4-474D-9E6A-4E7483238D59}.Debug|Any CPU.Build.0 = Debug|Any CPU
		{91CF2B13-0DE4-474D-9E6A-4E7483238D59}.Release|Any CPU.ActiveCfg = Release|Any CPU
		{91CF2B13-0DE4-474D-9E6A-4E7483238D59}.Release|Any CPU.Build.0 = Release|Any CPU
		{6F8C4016-0BED-4DCF-B61A-AA7C105BBADE}.Debug|Any CPU.ActiveCfg = Debug|Any CPU
		{6F8C4016-0BED-4DCF-B61A-AA7C105BBADE}.Debug|Any CPU.Build.0 = Debug|Any CPU
		{6F8C4016-0BED-4DCF-B61A-AA7C105BBADE}.Release|Any CPU.ActiveCfg = Release|Any CPU
		{6F8C4016-0BED-4DCF-B61A-AA7C105BBADE}.Release|Any CPU.Build.0 = Release|Any CPU
		{7907325D-7700-4E79-9CF6-3CCAF3F0A0AC}.Debug|Any CPU.ActiveCfg = Debug|Any CPU
		{7907325D-7700-4E79-9CF6-3CCAF3F0A0AC}.Debug|Any CPU.Build.0 = Debug|Any CPU
		{7907325D-7700-4E79-9CF6-3CCAF3F0A0AC}.Release|Any CPU.ActiveCfg = Release|Any CPU
		{7907325D-7700-4E79-9CF6-3CCAF3F0A0AC}.Release|Any CPU.Build.0 = Release|Any CPU
		{B93B3DEC-C90E-4F3F-A23D-CC976E2192DD}.Debug|Any CPU.ActiveCfg = Debug|Any CPU
		{B93B3DEC-C90E-4F3F-A23D-CC976E2192DD}.Debug|Any CPU.Build.0 = Debug|Any CPU
		{B93B3DEC-C90E-4F3F-A23D-CC976E2192DD}.Release|Any CPU.ActiveCfg = Release|Any CPU
		{B93B3DEC-C90E-4F3F-A23D-CC976E2192DD}.Release|Any CPU.Build.0 = Release|Any CPU
		{300E5E34-0B24-459A-B804-1E5C56E5F0F1}.Debug|Any CPU.ActiveCfg = Debug|Any CPU
		{300E5E34-0B24-459A-B804-1E5C56E5F0F1}.Debug|Any CPU.Build.0 = Debug|Any CPU
		{300E5E34-0B24-459A-B804-1E5C56E5F0F1}.Release|Any CPU.ActiveCfg = Release|Any CPU
		{300E5E34-0B24-459A-B804-1E5C56E5F0F1}.Release|Any CPU.Build.0 = Release|Any CPU
		{76BB9170-AF0E-4715-867C-3FB1A98DDFFC}.Debug|Any CPU.ActiveCfg = Debug|Any CPU
		{76BB9170-AF0E-4715-867C-3FB1A98DDFFC}.Debug|Any CPU.Build.0 = Debug|Any CPU
		{76BB9170-AF0E-4715-867C-3FB1A98DDFFC}.Release|Any CPU.ActiveCfg = Release|Any CPU
		{76BB9170-AF0E-4715-867C-3FB1A98DDFFC}.Release|Any CPU.Build.0 = Release|Any CPU
		{A6FCD242-9112-481B-A1F1-36DF8121ED8D}.Debug|Any CPU.ActiveCfg = Debug|Any CPU
		{A6FCD242-9112-481B-A1F1-36DF8121ED8D}.Debug|Any CPU.Build.0 = Debug|Any CPU
		{A6FCD242-9112-481B-A1F1-36DF8121ED8D}.Release|Any CPU.ActiveCfg = Release|Any CPU
		{A6FCD242-9112-481B-A1F1-36DF8121ED8D}.Release|Any CPU.Build.0 = Release|Any CPU
		{21CD9202-8E4C-4B91-87E2-C04C76DE7F36}.Debug|Any CPU.ActiveCfg = Debug|Any CPU
		{21CD9202-8E4C-4B91-87E2-C04C76DE7F36}.Debug|Any CPU.Build.0 = Debug|Any CPU
		{21CD9202-8E4C-4B91-87E2-C04C76DE7F36}.Release|Any CPU.ActiveCfg = Release|Any CPU
		{21CD9202-8E4C-4B91-87E2-C04C76DE7F36}.Release|Any CPU.Build.0 = Release|Any CPU
		{0B550DAA-AF2C-4167-8A56-D95B96E306DD}.Debug|Any CPU.ActiveCfg = Debug|Any CPU
		{0B550DAA-AF2C-4167-8A56-D95B96E306DD}.Debug|Any CPU.Build.0 = Debug|Any CPU
		{0B550DAA-AF2C-4167-8A56-D95B96E306DD}.Release|Any CPU.ActiveCfg = Release|Any CPU
		{0B550DAA-AF2C-4167-8A56-D95B96E306DD}.Release|Any CPU.Build.0 = Release|Any CPU
		{C79F15CB-18A7-442C-A8B5-C46BB5EB2924}.Debug|Any CPU.ActiveCfg = Debug|Any CPU
		{C79F15CB-18A7-442C-A8B5-C46BB5EB2924}.Debug|Any CPU.Build.0 = Debug|Any CPU
		{C79F15CB-18A7-442C-A8B5-C46BB5EB2924}.Release|Any CPU.ActiveCfg = Release|Any CPU
		{C79F15CB-18A7-442C-A8B5-C46BB5EB2924}.Release|Any CPU.Build.0 = Release|Any CPU
		{EEF771A2-29B4-489C-BF1C-32D2533EB2EF}.Debug|Any CPU.ActiveCfg = Debug|Any CPU
		{EEF771A2-29B4-489C-BF1C-32D2533EB2EF}.Debug|Any CPU.Build.0 = Debug|Any CPU
		{EEF771A2-29B4-489C-BF1C-32D2533EB2EF}.Release|Any CPU.ActiveCfg = Release|Any CPU
		{EEF771A2-29B4-489C-BF1C-32D2533EB2EF}.Release|Any CPU.Build.0 = Release|Any CPU
	EndGlobalSection
	GlobalSection(SolutionProperties) = preSolution
		HideSolutionNode = FALSE
	EndGlobalSection
	GlobalSection(NestedProjects) = preSolution
		{5D3E74CD-9D1C-435D-B546-354037ABDFF1} = {E1B89800-37AB-4E3E-912F-5B0680600976}
		{34C4A496-B4E9-4EC8-AECB-0704ABAD051B} = {E1B89800-37AB-4E3E-912F-5B0680600976}
		{2682FDCE-4EA6-4D22-9023-9BA1BC534DC5} = {E1B89800-37AB-4E3E-912F-5B0680600976}
		{256B0685-8F12-4A60-9D8E-D75925B7AA35} = {E1B89800-37AB-4E3E-912F-5B0680600976}
		{8A919DBE-A6CB-4D23-A85D-54333A1B26D6} = {E1B89800-37AB-4E3E-912F-5B0680600976}
		{5A7B15BF-CA34-4D40-BC2A-2FA9D7DEFD6C} = {E1B89800-37AB-4E3E-912F-5B0680600976}
		{5B93F3AC-0F3D-4AB4-BF13-109B1A17E3F1} = {E1B89800-37AB-4E3E-912F-5B0680600976}
		{3FCCE8BA-A3BC-4D5E-B7EE-8F00B07FDDB1} = {E1B89800-37AB-4E3E-912F-5B0680600976}
		{36F986F3-925E-49AD-96C9-52A12083406F} = {E1B89800-37AB-4E3E-912F-5B0680600976}
		{8A6F0955-9952-43CC-ACD8-327FF2DB890B} = {61D0BC57-AFCC-4913-B467-4BE91D89CA01}
		{FCBB27A9-9FF0-4A08-823F-9CB73D827286} = {61D0BC57-AFCC-4913-B467-4BE91D89CA01}
		{5E7E00EB-AA72-4EF1-9BA6-17C0C3C9A7DC} = {61D0BC57-AFCC-4913-B467-4BE91D89CA01}
		{F4BFAC1B-4638-447E-A562-2DF8C146A8D1} = {61D0BC57-AFCC-4913-B467-4BE91D89CA01}
		{A120D214-0B8B-4F1E-B707-A6655EFBC626} = {61D0BC57-AFCC-4913-B467-4BE91D89CA01}
		{7E1A4672-ACCC-4B48-8510-734EDA9A372A} = {61D0BC57-AFCC-4913-B467-4BE91D89CA01}
		{053901AD-9BC6-4009-B484-EC0D6D9C43C5} = {61D0BC57-AFCC-4913-B467-4BE91D89CA01}
		{FB2BB5AE-E541-4E1C-9231-69D4F12A5B06} = {61D0BC57-AFCC-4913-B467-4BE91D89CA01}
		{91CF2B13-0DE4-474D-9E6A-4E7483238D59} = {61D0BC57-AFCC-4913-B467-4BE91D89CA01}
		{6F8C4016-0BED-4DCF-B61A-AA7C105BBADE} = {61D0BC57-AFCC-4913-B467-4BE91D89CA01}
		{7907325D-7700-4E79-9CF6-3CCAF3F0A0AC} = {61D0BC57-AFCC-4913-B467-4BE91D89CA01}
		{B93B3DEC-C90E-4F3F-A23D-CC976E2192DD} = {61D0BC57-AFCC-4913-B467-4BE91D89CA01}
		{300E5E34-0B24-459A-B804-1E5C56E5F0F1} = {61D0BC57-AFCC-4913-B467-4BE91D89CA01}
		{76BB9170-AF0E-4715-867C-3FB1A98DDFFC} = {61D0BC57-AFCC-4913-B467-4BE91D89CA01}
		{A6FCD242-9112-481B-A1F1-36DF8121ED8D} = {61D0BC57-AFCC-4913-B467-4BE91D89CA01}
		{21CD9202-8E4C-4B91-87E2-C04C76DE7F36} = {61D0BC57-AFCC-4913-B467-4BE91D89CA01}
		{0B550DAA-AF2C-4167-8A56-D95B96E306DD} = {61D0BC57-AFCC-4913-B467-4BE91D89CA01}
		{C79F15CB-18A7-442C-A8B5-C46BB5EB2924} = {E1B89800-37AB-4E3E-912F-5B0680600976}
		{EEF771A2-29B4-489C-BF1C-32D2533EB2EF} = {61D0BC57-AFCC-4913-B467-4BE91D89CA01}
	EndGlobalSection
EndGlobal
